
Microsoft Visual Studio Solution File, Format Version 12.00
Project("{FAE04EC0-301F-11D3-BF4B-00C04F79EFBC}") = "Parcel", "Parcel\Parcel.csproj", "{D088CF16-859B-45FB-A3A3-199A7AD3C624}"
EndProject
Project("{FAE04EC0-301F-11D3-BF4B-00C04F79EFBC}") = "Parcel.Shared", "Parcel.Shared\Parcel.Shared.csproj", "{E5D16B50-136C-4090-BF3B-4AE8A153FC60}"
EndProject
Project("{FAE04EC0-301F-11D3-BF4B-00C04F79EFBC}") = "Parcel.Toolbox.FileSystem", "Parcel.Toolbox.FileSystem\Parcel.Toolbox.FileSystem.csproj", "{C19D1A11-88D8-4074-AF90-94DB2C76AEEB}"
EndProject
Project("{2150E333-8FDC-42A3-9474-1A3956D46DE8}") = "Toolboxes", "Toolboxes", "{B3C07F96-0230-4CFF-A1A7-EFC3213F4A39}"
EndProject
Project("{2150E333-8FDC-42A3-9474-1A3956D46DE8}") = "UnitTests", "UnitTests", "{13FF6CF4-9118-4537-88B4-8347828450E8}"
EndProject
Project("{2150E333-8FDC-42A3-9474-1A3956D46DE8}") = "SetupTests", "SetupTests", "{1A641966-8FF6-4B74-AC00-A1FA44F64D64}"
EndProject
Project("{FAE04EC0-301F-11D3-BF4B-00C04F79EFBC}") = "Parcel.SetupTest.Test001", "Parcel.SetupTest.Test001\Parcel.SetupTest.Test001.csproj", "{BE2DCDC8-D616-4EB7-A73B-939B7A32902C}"
EndProject
Project("{FAE04EC0-301F-11D3-BF4B-00C04F79EFBC}") = "Parcel.Macros", "Parcel.Macros\Parcel.Macros.csproj", "{1A11C367-22D5-4E65-98AF-F18AEF4388F8}"
EndProject
Project("{FAE04EC0-301F-11D3-BF4B-00C04F79EFBC}") = "Parcel.Toolbox.Finance", "Parcel.Toolbox.Finance\Parcel.Toolbox.Finance.csproj", "{E62060EE-7760-448B-9CD4-3074BD62A8E9}"
EndProject
Project("{FAE04EC0-301F-11D3-BF4B-00C04F79EFBC}") = "Parcel.Test.CoreTests", "Parcel.Test.CoreTests\Parcel.Test.CoreTests.csproj", "{2091A380-446C-4F4E-B142-ABEB60321687}"
EndProject
Project("{2150E333-8FDC-42A3-9474-1A3956D46DE8}") = "Prototype", "Prototype", "{2AAC71B0-9EE0-43DE-BEC8-21DAC9AA848B}"
EndProject
Project("{2150E333-8FDC-42A3-9474-1A3956D46DE8}") = "GUI Prototype", "GUI Prototype", "{0E026637-B65B-41EF-9CEF-8B3E115E2D8B}"
EndProject
Project("{FAE04EC0-301F-11D3-BF4B-00C04F79EFBC}") = "Parcel.FrontEnd.NodifyWPF", "Parcel.FrontEnd.NodifyWPF\Parcel.FrontEnd.NodifyWPF.csproj", "{BB8F74E6-9367-4F92-81E8-279F2E65A663}"
EndProject
Project("{FAE04EC0-301F-11D3-BF4B-00C04F79EFBC}") = "Parcel.Toolbox.DataProcessing", "Parcel.Toolbox.DataProcessing\Parcel.Toolbox.DataProcessing.csproj", "{B5C164A6-1405-4151-A877-20D401BEF910}"
EndProject
Project("{FAE04EC0-301F-11D3-BF4B-00C04F79EFBC}") = "Parcel.Toolbox.ControlFlow", "Parcel.Toolbox.ControlFlow\Parcel.Toolbox.ControlFlow.csproj", "{CE2402BA-DB2B-454E-9A4A-EFF3453E02AC}"
EndProject
Project("{FAE04EC0-301F-11D3-BF4B-00C04F79EFBC}") = "Parcel.Toolbox.Basic", "Parcel.Toolbox.Basic\Parcel.Toolbox.Basic.csproj", "{FE9663D4-EA68-46EA-BA33-A0DBF58C2C0B}"
EndProject
Project("{FAE04EC0-301F-11D3-BF4B-00C04F79EFBC}") = "Parcel.Python", "Parcel.Python\Parcel.Python.csproj", "{C4BC2E37-AE2B-4A2E-B450-BEFA1700E7AB}"
EndProject
Project("{FAE04EC0-301F-11D3-BF4B-00C04F79EFBC}") = "Parcel.SetupTest.PythonTest001", "Parcel.SetupTest.PythonTest001\Parcel.SetupTest.PythonTest001.csproj", "{E1A064F4-8196-42DB-9DA1-8AC27B7F99D9}"
EndProject
Project("{FAE04EC0-301F-11D3-BF4B-00C04F79EFBC}") = "ParcelInstaller", "ParcelInstaller\ParcelInstaller.csproj", "{DD3B19A7-D308-4A5A-BF86-7AE24A7DE51E}"
EndProject
Project("{FAE04EC0-301F-11D3-BF4B-00C04F79EFBC}") = "Parcel.Toolbox.DataSource", "Parcel.Toolbox.DataSource\Parcel.Toolbox.DataSource.csproj", "{C2C6541D-1D06-490D-AA7F-D2AE957EC81E}"
EndProject
Project("{FAE04EC0-301F-11D3-BF4B-00C04F79EFBC}") = "Parcel.SetupTest.DataSourceTest001", "Parcel.SetupTest.DataSourceTest001\Parcel.SetupTest.DataSourceTest001.csproj", "{061618B5-3EFE-4652-B845-3BD9D676D901}"
EndProject
Project("{FAE04EC0-301F-11D3-BF4B-00C04F79EFBC}") = "Parcel.Toolbox.Plotting", "Parcel.Toolbox.Plotting\Parcel.Toolbox.Plotting.csproj", "{57B2182B-2A80-437E-B85C-5377663921F7}"
EndProject
Project("{FAE04EC0-301F-11D3-BF4B-00C04F79EFBC}") = "Parcel.WebHost", "Parcel.WebHost\Parcel.WebHost.csproj", "{D62804D4-528C-4A9E-B953-DF6E332146F2}"
EndProject
Project("{FAE04EC0-301F-11D3-BF4B-00C04F79EFBC}") = "Parcel.Toolbox.Present", "Parcel.Toolbox.Present\Parcel.Toolbox.Present.csproj", "{659F74BC-7861-4610-BAE1-77FB3E402704}"
EndProject
Project("{FAE04EC0-301F-11D3-BF4B-00C04F79EFBC}") = "Parcel.Toolbox.Graphing", "Parcel.Toolbox.Graphing\Parcel.Toolbox.Graphing.csproj", "{C5654D5F-2CA5-4E41-9EE0-F1E0D6CFCDF3}"
EndProject
Project("{FAE04EC0-301F-11D3-BF4B-00C04F79EFBC}") = "Parcel.Toolbox.Math", "Parcel.Toolbox.Math\Parcel.Toolbox.Math.csproj", "{F3B9EBF4-004D-4EE4-A901-762AA28E228C}"
EndProject
Project("{FAE04EC0-301F-11D3-BF4B-00C04F79EFBC}") = "Parcel.Toolbox.Logic", "Parcel.Toolbox.Logic\Parcel.Toolbox.Logic.csproj", "{831AB957-9BFD-4D83-9F7C-F895310751E1}"
EndProject
Global
	GlobalSection(SolutionConfigurationPlatforms) = preSolution
		Debug|Any CPU = Debug|Any CPU
		Release|Any CPU = Release|Any CPU
	EndGlobalSection
	GlobalSection(ProjectConfigurationPlatforms) = postSolution
		{D088CF16-859B-45FB-A3A3-199A7AD3C624}.Debug|Any CPU.ActiveCfg = Debug|Any CPU
		{D088CF16-859B-45FB-A3A3-199A7AD3C624}.Debug|Any CPU.Build.0 = Debug|Any CPU
		{D088CF16-859B-45FB-A3A3-199A7AD3C624}.Release|Any CPU.ActiveCfg = Release|Any CPU
		{D088CF16-859B-45FB-A3A3-199A7AD3C624}.Release|Any CPU.Build.0 = Release|Any CPU
		{E5D16B50-136C-4090-BF3B-4AE8A153FC60}.Debug|Any CPU.ActiveCfg = Debug|Any CPU
		{E5D16B50-136C-4090-BF3B-4AE8A153FC60}.Debug|Any CPU.Build.0 = Debug|Any CPU
		{E5D16B50-136C-4090-BF3B-4AE8A153FC60}.Release|Any CPU.ActiveCfg = Release|Any CPU
		{E5D16B50-136C-4090-BF3B-4AE8A153FC60}.Release|Any CPU.Build.0 = Release|Any CPU
		{C19D1A11-88D8-4074-AF90-94DB2C76AEEB}.Debug|Any CPU.ActiveCfg = Debug|Any CPU
		{C19D1A11-88D8-4074-AF90-94DB2C76AEEB}.Debug|Any CPU.Build.0 = Debug|Any CPU
		{C19D1A11-88D8-4074-AF90-94DB2C76AEEB}.Release|Any CPU.ActiveCfg = Release|Any CPU
		{C19D1A11-88D8-4074-AF90-94DB2C76AEEB}.Release|Any CPU.Build.0 = Release|Any CPU
		{BE2DCDC8-D616-4EB7-A73B-939B7A32902C}.Debug|Any CPU.ActiveCfg = Debug|Any CPU
		{BE2DCDC8-D616-4EB7-A73B-939B7A32902C}.Debug|Any CPU.Build.0 = Debug|Any CPU
		{BE2DCDC8-D616-4EB7-A73B-939B7A32902C}.Release|Any CPU.ActiveCfg = Release|Any CPU
		{BE2DCDC8-D616-4EB7-A73B-939B7A32902C}.Release|Any CPU.Build.0 = Release|Any CPU
		{1A11C367-22D5-4E65-98AF-F18AEF4388F8}.Debug|Any CPU.ActiveCfg = Debug|Any CPU
		{1A11C367-22D5-4E65-98AF-F18AEF4388F8}.Debug|Any CPU.Build.0 = Debug|Any CPU
		{1A11C367-22D5-4E65-98AF-F18AEF4388F8}.Release|Any CPU.ActiveCfg = Release|Any CPU
		{1A11C367-22D5-4E65-98AF-F18AEF4388F8}.Release|Any CPU.Build.0 = Release|Any CPU
		{E62060EE-7760-448B-9CD4-3074BD62A8E9}.Debug|Any CPU.ActiveCfg = Debug|Any CPU
		{E62060EE-7760-448B-9CD4-3074BD62A8E9}.Debug|Any CPU.Build.0 = Debug|Any CPU
		{E62060EE-7760-448B-9CD4-3074BD62A8E9}.Release|Any CPU.ActiveCfg = Release|Any CPU
		{E62060EE-7760-448B-9CD4-3074BD62A8E9}.Release|Any CPU.Build.0 = Release|Any CPU
		{2091A380-446C-4F4E-B142-ABEB60321687}.Debug|Any CPU.ActiveCfg = Debug|Any CPU
		{2091A380-446C-4F4E-B142-ABEB60321687}.Debug|Any CPU.Build.0 = Debug|Any CPU
		{2091A380-446C-4F4E-B142-ABEB60321687}.Release|Any CPU.ActiveCfg = Release|Any CPU
		{2091A380-446C-4F4E-B142-ABEB60321687}.Release|Any CPU.Build.0 = Release|Any CPU
		{BB8F74E6-9367-4F92-81E8-279F2E65A663}.Debug|Any CPU.ActiveCfg = Debug|Any CPU
		{BB8F74E6-9367-4F92-81E8-279F2E65A663}.Debug|Any CPU.Build.0 = Debug|Any CPU
		{BB8F74E6-9367-4F92-81E8-279F2E65A663}.Release|Any CPU.ActiveCfg = Release|Any CPU
		{BB8F74E6-9367-4F92-81E8-279F2E65A663}.Release|Any CPU.Build.0 = Release|Any CPU
		{B5C164A6-1405-4151-A877-20D401BEF910}.Debug|Any CPU.ActiveCfg = Debug|Any CPU
		{B5C164A6-1405-4151-A877-20D401BEF910}.Debug|Any CPU.Build.0 = Debug|Any CPU
		{B5C164A6-1405-4151-A877-20D401BEF910}.Release|Any CPU.ActiveCfg = Release|Any CPU
		{B5C164A6-1405-4151-A877-20D401BEF910}.Release|Any CPU.Build.0 = Release|Any CPU
		{CE2402BA-DB2B-454E-9A4A-EFF3453E02AC}.Debug|Any CPU.ActiveCfg = Debug|Any CPU
		{CE2402BA-DB2B-454E-9A4A-EFF3453E02AC}.Debug|Any CPU.Build.0 = Debug|Any CPU
		{CE2402BA-DB2B-454E-9A4A-EFF3453E02AC}.Release|Any CPU.ActiveCfg = Release|Any CPU
		{CE2402BA-DB2B-454E-9A4A-EFF3453E02AC}.Release|Any CPU.Build.0 = Release|Any CPU
		{FE9663D4-EA68-46EA-BA33-A0DBF58C2C0B}.Debug|Any CPU.ActiveCfg = Debug|Any CPU
		{FE9663D4-EA68-46EA-BA33-A0DBF58C2C0B}.Debug|Any CPU.Build.0 = Debug|Any CPU
		{FE9663D4-EA68-46EA-BA33-A0DBF58C2C0B}.Release|Any CPU.ActiveCfg = Release|Any CPU
		{FE9663D4-EA68-46EA-BA33-A0DBF58C2C0B}.Release|Any CPU.Build.0 = Release|Any CPU
		{C4BC2E37-AE2B-4A2E-B450-BEFA1700E7AB}.Debug|Any CPU.ActiveCfg = Debug|Any CPU
		{C4BC2E37-AE2B-4A2E-B450-BEFA1700E7AB}.Debug|Any CPU.Build.0 = Debug|Any CPU
		{C4BC2E37-AE2B-4A2E-B450-BEFA1700E7AB}.Release|Any CPU.ActiveCfg = Release|Any CPU
		{C4BC2E37-AE2B-4A2E-B450-BEFA1700E7AB}.Release|Any CPU.Build.0 = Release|Any CPU
		{E1A064F4-8196-42DB-9DA1-8AC27B7F99D9}.Debug|Any CPU.ActiveCfg = Debug|Any CPU
		{E1A064F4-8196-42DB-9DA1-8AC27B7F99D9}.Debug|Any CPU.Build.0 = Debug|Any CPU
		{E1A064F4-8196-42DB-9DA1-8AC27B7F99D9}.Release|Any CPU.ActiveCfg = Release|Any CPU
		{E1A064F4-8196-42DB-9DA1-8AC27B7F99D9}.Release|Any CPU.Build.0 = Release|Any CPU
		{DD3B19A7-D308-4A5A-BF86-7AE24A7DE51E}.Debug|Any CPU.ActiveCfg = Debug|Any CPU
		{DD3B19A7-D308-4A5A-BF86-7AE24A7DE51E}.Debug|Any CPU.Build.0 = Debug|Any CPU
		{DD3B19A7-D308-4A5A-BF86-7AE24A7DE51E}.Release|Any CPU.ActiveCfg = Release|Any CPU
		{DD3B19A7-D308-4A5A-BF86-7AE24A7DE51E}.Release|Any CPU.Build.0 = Release|Any CPU
		{C2C6541D-1D06-490D-AA7F-D2AE957EC81E}.Debug|Any CPU.ActiveCfg = Debug|Any CPU
		{C2C6541D-1D06-490D-AA7F-D2AE957EC81E}.Debug|Any CPU.Build.0 = Debug|Any CPU
		{C2C6541D-1D06-490D-AA7F-D2AE957EC81E}.Release|Any CPU.ActiveCfg = Release|Any CPU
		{C2C6541D-1D06-490D-AA7F-D2AE957EC81E}.Release|Any CPU.Build.0 = Release|Any CPU
		{061618B5-3EFE-4652-B845-3BD9D676D901}.Debug|Any CPU.ActiveCfg = Debug|Any CPU
		{061618B5-3EFE-4652-B845-3BD9D676D901}.Debug|Any CPU.Build.0 = Debug|Any CPU
		{061618B5-3EFE-4652-B845-3BD9D676D901}.Release|Any CPU.ActiveCfg = Release|Any CPU
		{061618B5-3EFE-4652-B845-3BD9D676D901}.Release|Any CPU.Build.0 = Release|Any CPU
		{57B2182B-2A80-437E-B85C-5377663921F7}.Debug|Any CPU.ActiveCfg = Debug|Any CPU
		{57B2182B-2A80-437E-B85C-5377663921F7}.Debug|Any CPU.Build.0 = Debug|Any CPU
		{57B2182B-2A80-437E-B85C-5377663921F7}.Release|Any CPU.ActiveCfg = Release|Any CPU
		{57B2182B-2A80-437E-B85C-5377663921F7}.Release|Any CPU.Build.0 = Release|Any CPU
		{D62804D4-528C-4A9E-B953-DF6E332146F2}.Debug|Any CPU.ActiveCfg = Debug|Any CPU
		{D62804D4-528C-4A9E-B953-DF6E332146F2}.Debug|Any CPU.Build.0 = Debug|Any CPU
		{D62804D4-528C-4A9E-B953-DF6E332146F2}.Release|Any CPU.ActiveCfg = Release|Any CPU
		{D62804D4-528C-4A9E-B953-DF6E332146F2}.Release|Any CPU.Build.0 = Release|Any CPU
		{659F74BC-7861-4610-BAE1-77FB3E402704}.Debug|Any CPU.ActiveCfg = Debug|Any CPU
		{659F74BC-7861-4610-BAE1-77FB3E402704}.Debug|Any CPU.Build.0 = Debug|Any CPU
		{659F74BC-7861-4610-BAE1-77FB3E402704}.Release|Any CPU.ActiveCfg = Release|Any CPU
		{659F74BC-7861-4610-BAE1-77FB3E402704}.Release|Any CPU.Build.0 = Release|Any CPU
		{C5654D5F-2CA5-4E41-9EE0-F1E0D6CFCDF3}.Debug|Any CPU.ActiveCfg = Debug|Any CPU
		{C5654D5F-2CA5-4E41-9EE0-F1E0D6CFCDF3}.Debug|Any CPU.Build.0 = Debug|Any CPU
		{C5654D5F-2CA5-4E41-9EE0-F1E0D6CFCDF3}.Release|Any CPU.ActiveCfg = Release|Any CPU
		{C5654D5F-2CA5-4E41-9EE0-F1E0D6CFCDF3}.Release|Any CPU.Build.0 = Release|Any CPU
		{F3B9EBF4-004D-4EE4-A901-762AA28E228C}.Debug|Any CPU.ActiveCfg = Debug|Any CPU
		{F3B9EBF4-004D-4EE4-A901-762AA28E228C}.Debug|Any CPU.Build.0 = Debug|Any CPU
		{F3B9EBF4-004D-4EE4-A901-762AA28E228C}.Release|Any CPU.ActiveCfg = Release|Any CPU
		{F3B9EBF4-004D-4EE4-A901-762AA28E228C}.Release|Any CPU.Build.0 = Release|Any CPU
		{831AB957-9BFD-4D83-9F7C-F895310751E1}.Debug|Any CPU.ActiveCfg = Debug|Any CPU
		{831AB957-9BFD-4D83-9F7C-F895310751E1}.Debug|Any CPU.Build.0 = Debug|Any CPU
		{831AB957-9BFD-4D83-9F7C-F895310751E1}.Release|Any CPU.ActiveCfg = Release|Any CPU
		{831AB957-9BFD-4D83-9F7C-F895310751E1}.Release|Any CPU.Build.0 = Release|Any CPU
	EndGlobalSection
	GlobalSection(NestedProjects) = preSolution
		{C19D1A11-88D8-4074-AF90-94DB2C76AEEB} = {B3C07F96-0230-4CFF-A1A7-EFC3213F4A39}
		{BE2DCDC8-D616-4EB7-A73B-939B7A32902C} = {1A641966-8FF6-4B74-AC00-A1FA44F64D64}
		{E62060EE-7760-448B-9CD4-3074BD62A8E9} = {B3C07F96-0230-4CFF-A1A7-EFC3213F4A39}
		{2091A380-446C-4F4E-B142-ABEB60321687} = {13FF6CF4-9118-4537-88B4-8347828450E8}
		{0E026637-B65B-41EF-9CEF-8B3E115E2D8B} = {2AAC71B0-9EE0-43DE-BEC8-21DAC9AA848B}
		{BB8F74E6-9367-4F92-81E8-279F2E65A663} = {0E026637-B65B-41EF-9CEF-8B3E115E2D8B}
		{B5C164A6-1405-4151-A877-20D401BEF910} = {B3C07F96-0230-4CFF-A1A7-EFC3213F4A39}
		{CE2402BA-DB2B-454E-9A4A-EFF3453E02AC} = {B3C07F96-0230-4CFF-A1A7-EFC3213F4A39}
		{FE9663D4-EA68-46EA-BA33-A0DBF58C2C0B} = {B3C07F96-0230-4CFF-A1A7-EFC3213F4A39}
		{E1A064F4-8196-42DB-9DA1-8AC27B7F99D9} = {1A641966-8FF6-4B74-AC00-A1FA44F64D64}
		{C2C6541D-1D06-490D-AA7F-D2AE957EC81E} = {B3C07F96-0230-4CFF-A1A7-EFC3213F4A39}
		{061618B5-3EFE-4652-B845-3BD9D676D901} = {1A641966-8FF6-4B74-AC00-A1FA44F64D64}
		{57B2182B-2A80-437E-B85C-5377663921F7} = {B3C07F96-0230-4CFF-A1A7-EFC3213F4A39}
		{659F74BC-7861-4610-BAE1-77FB3E402704} = {B3C07F96-0230-4CFF-A1A7-EFC3213F4A39}
		{C5654D5F-2CA5-4E41-9EE0-F1E0D6CFCDF3} = {B3C07F96-0230-4CFF-A1A7-EFC3213F4A39}
		{F3B9EBF4-004D-4EE4-A901-762AA28E228C} = {B3C07F96-0230-4CFF-A1A7-EFC3213F4A39}
		{831AB957-9BFD-4D83-9F7C-F895310751E1} = {B3C07F96-0230-4CFF-A1A7-EFC3213F4A39}
	EndGlobalSection
EndGlobal
